
Microsoft Visual Studio Solution File, Format Version 12.00
# Visual Studio Version 17
VisualStudioVersion = 17.3.32804.467
MinimumVisualStudioVersion = 10.0.40219.1
Project("{9A19103F-16F7-4668-BE54-9A1E7A4F7556}") = "ObsStrawket", "ObsStrawket\ObsStrawket.csproj", "{806DEAC7-8621-469D-8EE6-2294EFF59BE7}"
EndProject
Project("{9A19103F-16F7-4668-BE54-9A1E7A4F7556}") = "ObsStrawket.Test", "ObsStrawket.Test\ObsStrawket.Test.csproj", "{B9BBF579-2C2C-4B85-88D3-88185BF03AC3}"
EndProject
Project("{2150E333-8FDC-42A3-9474-1A3956D46DE8}") = "Solution Items", "Solution Items", "{8DCB06C9-C48D-4A81-B040-D140096C5C3E}"
	ProjectSection(SolutionItems) = preProject
		.editorconfig = .editorconfig
		CHANGELOG.md = CHANGELOG.md
		LICENSE = LICENSE
		README.md = README.md
	EndProjectSection
EndProject
Global
	GlobalSection(SolutionConfigurationPlatforms) = preSolution
		Debug|Any CPU = Debug|Any CPU
		Release|Any CPU = Release|Any CPU
	EndGlobalSection
	GlobalSection(ProjectConfigurationPlatforms) = postSolution
		{806DEAC7-8621-469D-8EE6-2294EFF59BE7}.Debug|Any CPU.ActiveCfg = Debug|Any CPU
		{806DEAC7-8621-469D-8EE6-2294EFF59BE7}.Debug|Any CPU.Build.0 = Debug|Any CPU
		{806DEAC7-8621-469D-8EE6-2294EFF59BE7}.Release|Any CPU.ActiveCfg = Release|Any CPU
		{806DEAC7-8621-469D-8EE6-2294EFF59BE7}.Release|Any CPU.Build.0 = Release|Any CPU
		{B9BBF579-2C2C-4B85-88D3-88185BF03AC3}.Debug|Any CPU.ActiveCfg = Debug|Any CPU
		{B9BBF579-2C2C-4B85-88D3-88185BF03AC3}.Debug|Any CPU.Build.0 = Debug|Any CPU
		{B9BBF579-2C2C-4B85-88D3-88185BF03AC3}.Release|Any CPU.ActiveCfg = Release|Any CPU
		{B9BBF579-2C2C-4B85-88D3-88185BF03AC3}.Release|Any CPU.Build.0 = Release|Any CPU
	EndGlobalSection
	GlobalSection(SolutionProperties) = preSolution
		HideSolutionNode = FALSE
	EndGlobalSection
	GlobalSection(ExtensibilityGlobals) = postSolution
		SolutionGuid = {DB3D1A55-0CAE-4D90-9ECD-0997BCF27EE9}
	EndGlobalSection
EndGlobal
